// !$*UTF8*$!
{
	archiveVersion = 1;
	classes = {
	};
	objectVersion = 50;
	objects = {

/* Begin PBXBuildFile section */
		025AB4454B7E9845768DD5B7 /* AuthPresenter.swift in Sources */ = {isa = PBXBuildFile; fileRef = 34F7F7AF05290A202C846455 /* AuthPresenter.swift */; };
		0BAD8203664303E8BFD8827A /* FoundSongsPresenter.swift in Sources */ = {isa = PBXBuildFile; fileRef = BC5842B3ED73DE1808E6A687 /* FoundSongsPresenter.swift */; };
		0F1F0ABAE45884BF0EFD2C10 /* MainPresenter.swift in Sources */ = {isa = PBXBuildFile; fileRef = 7911A5BD82E91FC35371E4E6 /* MainPresenter.swift */; };
		14044C6922F1F5280078283B /* Song.swift in Sources */ = {isa = PBXBuildFile; fileRef = 14044C6822F1F5280078283B /* Song.swift */; };
		14044C6B22F1F72C0078283B /* AudDService.swift in Sources */ = {isa = PBXBuildFile; fileRef = 14044C6A22F1F72C0078283B /* AudDService.swift */; };
		14044C6E22F23B610078283B /* URLType.swift in Sources */ = {isa = PBXBuildFile; fileRef = 14044C6D22F23B610078283B /* URLType.swift */; };
		14044C7122F3474C0078283B /* CellIdentifiable.swift in Sources */ = {isa = PBXBuildFile; fileRef = 14044C7022F3474C0078283B /* CellIdentifiable.swift */; };
		14044C7322F347670078283B /* ModelRepresentable.swift in Sources */ = {isa = PBXBuildFile; fileRef = 14044C7222F347670078283B /* ModelRepresentable.swift */; };
		14044C7522F3478E0078283B /* SectionRowsRepresentable.swift in Sources */ = {isa = PBXBuildFile; fileRef = 14044C7422F3478E0078283B /* SectionRowsRepresentable.swift */; };
		14044C7822F348540078283B /* SongBaseCell.swift in Sources */ = {isa = PBXBuildFile; fileRef = 14044C7722F348540078283B /* SongBaseCell.swift */; };
		14044C7C22F348EE0078283B /* SongBaseCellModel.swift in Sources */ = {isa = PBXBuildFile; fileRef = 14044C7B22F348EE0078283B /* SongBaseCellModel.swift */; };
		14044C7E22F3493F0078283B /* SongInfoCellModel.swift in Sources */ = {isa = PBXBuildFile; fileRef = 14044C7D22F3493F0078283B /* SongInfoCellModel.swift */; };
		14044C8022F34A340078283B /* LyricsButtonCellModel.swift in Sources */ = {isa = PBXBuildFile; fileRef = 14044C7F22F34A340078283B /* LyricsButtonCellModel.swift */; };
		14044C8222F34CAC0078283B /* SongInfoCell.swift in Sources */ = {isa = PBXBuildFile; fileRef = 14044C8122F34CAC0078283B /* SongInfoCell.swift */; };
		14044C8422F34EE10078283B /* LyricsButtonCell.swift in Sources */ = {isa = PBXBuildFile; fileRef = 14044C8322F34EE10078283B /* LyricsButtonCell.swift */; };
		14044C8722F35BB20078283B /* SongSectionModel.swift in Sources */ = {isa = PBXBuildFile; fileRef = 14044C8622F35BB20078283B /* SongSectionModel.swift */; };
		14044C8B22F38A2F0078283B /* LyricsView.xib in Resources */ = {isa = PBXBuildFile; fileRef = 14044C8A22F38A2F0078283B /* LyricsView.xib */; };
		14044C8D22F38E220078283B /* LyricsView.swift in Sources */ = {isa = PBXBuildFile; fileRef = 14044C8C22F38E220078283B /* LyricsView.swift */; };
		142FB6E922EDE9840017693B /* AppDelegate.swift in Sources */ = {isa = PBXBuildFile; fileRef = 142FB6E822EDE9840017693B /* AppDelegate.swift */; };
		142FB6EE22EDE9840017693B /* Main.storyboard in Resources */ = {isa = PBXBuildFile; fileRef = 142FB6EC22EDE9840017693B /* Main.storyboard */; };
		142FB6F022EDE9850017693B /* Assets.xcassets in Resources */ = {isa = PBXBuildFile; fileRef = 142FB6EF22EDE9850017693B /* Assets.xcassets */; };
		142FB6F322EDE9850017693B /* LaunchScreen.storyboard in Resources */ = {isa = PBXBuildFile; fileRef = 142FB6F122EDE9850017693B /* LaunchScreen.storyboard */; };
		142FB6FE22EDE9850017693B /* SongGuesserTests.swift in Sources */ = {isa = PBXBuildFile; fileRef = 142FB6FD22EDE9850017693B /* SongGuesserTests.swift */; };
		142FB70922EDE9850017693B /* SongGuesserUITests.swift in Sources */ = {isa = PBXBuildFile; fileRef = 142FB70822EDE9850017693B /* SongGuesserUITests.swift */; };
		142FB71722EDFC820017693B /* GoogleService-Info.plist in Resources */ = {isa = PBXBuildFile; fileRef = 142FB71622EDFC820017693B /* GoogleService-Info.plist */; };
		1462AB6B22EE064B00335E79 /* LogInView.swift in Sources */ = {isa = PBXBuildFile; fileRef = 1462AB6A22EE064B00335E79 /* LogInView.swift */; };
		1462AB6D22EE077400335E79 /* LogInView.xib in Resources */ = {isa = PBXBuildFile; fileRef = 1462AB6C22EE077400335E79 /* LogInView.xib */; };
		1462AB7022EE090200335E79 /* AlertPresenterService.swift in Sources */ = {isa = PBXBuildFile; fileRef = 1462AB6F22EE090200335E79 /* AlertPresenterService.swift */; };
		1462AB7222EE0EAE00335E79 /* EmailValidatorService.swift in Sources */ = {isa = PBXBuildFile; fileRef = 1462AB7122EE0EAE00335E79 /* EmailValidatorService.swift */; };
		1462AB7422EE3FC800335E79 /* FirebaseAuthService.swift in Sources */ = {isa = PBXBuildFile; fileRef = 1462AB7322EE3FC800335E79 /* FirebaseAuthService.swift */; };
		18E26275EA136838FA344B49 /* FoundSongsRouter.swift in Sources */ = {isa = PBXBuildFile; fileRef = 1C96B0A2AD166AC42889CE37 /* FoundSongsRouter.swift */; };
		1B4097E31CD4995F0A669CB1 /* AuthRouter.swift in Sources */ = {isa = PBXBuildFile; fileRef = 5A1ADAF7AD7E1EBEAC97790B /* AuthRouter.swift */; };
		3D26FE485FED801D662BFCFB /* MainInteractor.swift in Sources */ = {isa = PBXBuildFile; fileRef = 5440DB187A43AD8F5AF0AC72 /* MainInteractor.swift */; };
		5C64D33E3DFCF33917631E67 /* FoundSongsConfigurator.swift in Sources */ = {isa = PBXBuildFile; fileRef = A66F01C43F070E4051FBBA1F /* FoundSongsConfigurator.swift */; };
		7020981B76B60C55E5E3E7C2 /* AuthInteractor.swift in Sources */ = {isa = PBXBuildFile; fileRef = 3E66FD266D31BC63CAD381D8 /* AuthInteractor.swift */; };
		7BB661C079FB06BEF0F430EE /* AuthViewController.swift in Sources */ = {isa = PBXBuildFile; fileRef = E041804643EC76E06B1D6E28 /* AuthViewController.swift */; };
		7E6CCDDDF05D208B0F907D29 /* FoundSongsInteractor.swift in Sources */ = {isa = PBXBuildFile; fileRef = 3C26C1130F4A614566818244 /* FoundSongsInteractor.swift */; };
		A7FB672160B02EA78D161476 /* FoundSongsProtocols.swift in Sources */ = {isa = PBXBuildFile; fileRef = B8BD44ADCF313D76B3EC4B22 /* FoundSongsProtocols.swift */; };
		AE8842415F5DED3D3D3DB586 /* AuthProtocols.swift in Sources */ = {isa = PBXBuildFile; fileRef = D039645C279793EAD29217F3 /* AuthProtocols.swift */; };
		BCE2963E4B246DA73F32B875 /* MainConfigurator.swift in Sources */ = {isa = PBXBuildFile; fileRef = F31C73429CC89AF633C04E03 /* MainConfigurator.swift */; };
		BF1781B37994385DD85E5E42 /* MainProtocols.swift in Sources */ = {isa = PBXBuildFile; fileRef = AE2D51F5B72FA53D24285A14 /* MainProtocols.swift */; };
		CD7AAA90725FC82C62C4A6ED /* MainViewController.swift in Sources */ = {isa = PBXBuildFile; fileRef = A9E7181ECD2EC4EE229A6582 /* MainViewController.swift */; };
		EF33C32F8D70C59169685C72 /* MainRouter.swift in Sources */ = {isa = PBXBuildFile; fileRef = D37A1D5AFED19452FB519821 /* MainRouter.swift */; };
		F50B32BF0A70AC79ADC546DD /* FoundSongsViewController.swift in Sources */ = {isa = PBXBuildFile; fileRef = 4B6733A971BE77AFF1A42B8D /* FoundSongsViewController.swift */; };
		FCD4330A01859A0BC2B96F8F /* AuthConfigurator.swift in Sources */ = {isa = PBXBuildFile; fileRef = E55AD0B3310E200B8F688F4D /* AuthConfigurator.swift */; };
		FF7A7C1F42379EFEDEEAB86A /* Pods_SongGuesser.framework in Frameworks */ = {isa = PBXBuildFile; fileRef = 7CF0795B5ED772858519A255 /* Pods_SongGuesser.framework */; };
/* End PBXBuildFile section */

/* Begin PBXContainerItemProxy section */
		142FB6FA22EDE9850017693B /* PBXContainerItemProxy */ = {
			isa = PBXContainerItemProxy;
			containerPortal = 142FB6DD22EDE9840017693B /* Project object */;
			proxyType = 1;
			remoteGlobalIDString = 142FB6E422EDE9840017693B;
			remoteInfo = SongGuesser;
		};
		142FB70522EDE9850017693B /* PBXContainerItemProxy */ = {
			isa = PBXContainerItemProxy;
			containerPortal = 142FB6DD22EDE9840017693B /* Project object */;
			proxyType = 1;
			remoteGlobalIDString = 142FB6E422EDE9840017693B;
			remoteInfo = SongGuesser;
		};
/* End PBXContainerItemProxy section */

/* Begin PBXFileReference section */
		14044C6822F1F5280078283B /* Song.swift */ = {isa = PBXFileReference; lastKnownFileType = sourcecode.swift; path = Song.swift; sourceTree = "<group>"; };
		14044C6A22F1F72C0078283B /* AudDService.swift */ = {isa = PBXFileReference; lastKnownFileType = sourcecode.swift; path = AudDService.swift; sourceTree = "<group>"; };
		14044C6D22F23B610078283B /* URLType.swift */ = {isa = PBXFileReference; lastKnownFileType = sourcecode.swift; path = URLType.swift; sourceTree = "<group>"; };
		14044C7022F3474C0078283B /* CellIdentifiable.swift */ = {isa = PBXFileReference; lastKnownFileType = sourcecode.swift; path = CellIdentifiable.swift; sourceTree = "<group>"; };
		14044C7222F347670078283B /* ModelRepresentable.swift */ = {isa = PBXFileReference; lastKnownFileType = sourcecode.swift; path = ModelRepresentable.swift; sourceTree = "<group>"; };
		14044C7422F3478E0078283B /* SectionRowsRepresentable.swift */ = {isa = PBXFileReference; lastKnownFileType = sourcecode.swift; path = SectionRowsRepresentable.swift; sourceTree = "<group>"; };
		14044C7722F348540078283B /* SongBaseCell.swift */ = {isa = PBXFileReference; lastKnownFileType = sourcecode.swift; path = SongBaseCell.swift; sourceTree = "<group>"; };
		14044C7B22F348EE0078283B /* SongBaseCellModel.swift */ = {isa = PBXFileReference; lastKnownFileType = sourcecode.swift; path = SongBaseCellModel.swift; sourceTree = "<group>"; };
		14044C7D22F3493F0078283B /* SongInfoCellModel.swift */ = {isa = PBXFileReference; lastKnownFileType = sourcecode.swift; path = SongInfoCellModel.swift; sourceTree = "<group>"; };
		14044C7F22F34A340078283B /* LyricsButtonCellModel.swift */ = {isa = PBXFileReference; lastKnownFileType = sourcecode.swift; path = LyricsButtonCellModel.swift; sourceTree = "<group>"; };
		14044C8122F34CAC0078283B /* SongInfoCell.swift */ = {isa = PBXFileReference; lastKnownFileType = sourcecode.swift; path = SongInfoCell.swift; sourceTree = "<group>"; };
		14044C8322F34EE10078283B /* LyricsButtonCell.swift */ = {isa = PBXFileReference; lastKnownFileType = sourcecode.swift; path = LyricsButtonCell.swift; sourceTree = "<group>"; };
		14044C8622F35BB20078283B /* SongSectionModel.swift */ = {isa = PBXFileReference; lastKnownFileType = sourcecode.swift; path = SongSectionModel.swift; sourceTree = "<group>"; };
		14044C8A22F38A2F0078283B /* LyricsView.xib */ = {isa = PBXFileReference; lastKnownFileType = file.xib; path = LyricsView.xib; sourceTree = "<group>"; };
		14044C8C22F38E220078283B /* LyricsView.swift */ = {isa = PBXFileReference; lastKnownFileType = sourcecode.swift; path = LyricsView.swift; sourceTree = "<group>"; };
		142FB6E522EDE9840017693B /* SongGuesser.app */ = {isa = PBXFileReference; explicitFileType = wrapper.application; includeInIndex = 0; path = SongGuesser.app; sourceTree = BUILT_PRODUCTS_DIR; };
		142FB6E822EDE9840017693B /* AppDelegate.swift */ = {isa = PBXFileReference; lastKnownFileType = sourcecode.swift; path = AppDelegate.swift; sourceTree = "<group>"; };
		142FB6ED22EDE9840017693B /* Base */ = {isa = PBXFileReference; lastKnownFileType = file.storyboard; name = Base; path = Base.lproj/Main.storyboard; sourceTree = "<group>"; };
		142FB6EF22EDE9850017693B /* Assets.xcassets */ = {isa = PBXFileReference; lastKnownFileType = folder.assetcatalog; path = Assets.xcassets; sourceTree = "<group>"; };
		142FB6F222EDE9850017693B /* Base */ = {isa = PBXFileReference; lastKnownFileType = file.storyboard; name = Base; path = Base.lproj/LaunchScreen.storyboard; sourceTree = "<group>"; };
		142FB6F422EDE9850017693B /* Info.plist */ = {isa = PBXFileReference; lastKnownFileType = text.plist.xml; path = Info.plist; sourceTree = "<group>"; };
		142FB6F922EDE9850017693B /* SongGuesserTests.xctest */ = {isa = PBXFileReference; explicitFileType = wrapper.cfbundle; includeInIndex = 0; path = SongGuesserTests.xctest; sourceTree = BUILT_PRODUCTS_DIR; };
		142FB6FD22EDE9850017693B /* SongGuesserTests.swift */ = {isa = PBXFileReference; lastKnownFileType = sourcecode.swift; path = SongGuesserTests.swift; sourceTree = "<group>"; };
		142FB6FF22EDE9850017693B /* Info.plist */ = {isa = PBXFileReference; lastKnownFileType = text.plist.xml; path = Info.plist; sourceTree = "<group>"; };
		142FB70422EDE9850017693B /* SongGuesserUITests.xctest */ = {isa = PBXFileReference; explicitFileType = wrapper.cfbundle; includeInIndex = 0; path = SongGuesserUITests.xctest; sourceTree = BUILT_PRODUCTS_DIR; };
		142FB70822EDE9850017693B /* SongGuesserUITests.swift */ = {isa = PBXFileReference; lastKnownFileType = sourcecode.swift; path = SongGuesserUITests.swift; sourceTree = "<group>"; };
		142FB70A22EDE9850017693B /* Info.plist */ = {isa = PBXFileReference; lastKnownFileType = text.plist.xml; path = Info.plist; sourceTree = "<group>"; };
		142FB71622EDFC820017693B /* GoogleService-Info.plist */ = {isa = PBXFileReference; fileEncoding = 4; lastKnownFileType = text.plist.xml; path = "GoogleService-Info.plist"; sourceTree = "<group>"; };
		1462AB6A22EE064B00335E79 /* LogInView.swift */ = {isa = PBXFileReference; lastKnownFileType = sourcecode.swift; path = LogInView.swift; sourceTree = "<group>"; };
		1462AB6C22EE077400335E79 /* LogInView.xib */ = {isa = PBXFileReference; lastKnownFileType = file.xib; path = LogInView.xib; sourceTree = "<group>"; };
		1462AB6F22EE090200335E79 /* AlertPresenterService.swift */ = {isa = PBXFileReference; lastKnownFileType = sourcecode.swift; path = AlertPresenterService.swift; sourceTree = "<group>"; };
		1462AB7122EE0EAE00335E79 /* EmailValidatorService.swift */ = {isa = PBXFileReference; lastKnownFileType = sourcecode.swift; path = EmailValidatorService.swift; sourceTree = "<group>"; };
		1462AB7322EE3FC800335E79 /* FirebaseAuthService.swift */ = {isa = PBXFileReference; lastKnownFileType = sourcecode.swift; path = FirebaseAuthService.swift; sourceTree = "<group>"; };
		1C96B0A2AD166AC42889CE37 /* FoundSongsRouter.swift */ = {isa = PBXFileReference; includeInIndex = 1; lastKnownFileType = sourcecode.swift; path = FoundSongsRouter.swift; sourceTree = "<group>"; };
		32949B656B04B008E1B484BF /* Pods-SongGuesser.debug.xcconfig */ = {isa = PBXFileReference; includeInIndex = 1; lastKnownFileType = text.xcconfig; name = "Pods-SongGuesser.debug.xcconfig"; path = "Pods/Target Support Files/Pods-SongGuesser/Pods-SongGuesser.debug.xcconfig"; sourceTree = "<group>"; };
		34F7F7AF05290A202C846455 /* AuthPresenter.swift */ = {isa = PBXFileReference; includeInIndex = 1; lastKnownFileType = sourcecode.swift; path = AuthPresenter.swift; sourceTree = "<group>"; };
		3C26C1130F4A614566818244 /* FoundSongsInteractor.swift */ = {isa = PBXFileReference; includeInIndex = 1; lastKnownFileType = sourcecode.swift; path = FoundSongsInteractor.swift; sourceTree = "<group>"; };
		3E66FD266D31BC63CAD381D8 /* AuthInteractor.swift */ = {isa = PBXFileReference; includeInIndex = 1; lastKnownFileType = sourcecode.swift; path = AuthInteractor.swift; sourceTree = "<group>"; };
		4B6733A971BE77AFF1A42B8D /* FoundSongsViewController.swift */ = {isa = PBXFileReference; includeInIndex = 1; lastKnownFileType = sourcecode.swift; path = FoundSongsViewController.swift; sourceTree = "<group>"; };
		5440DB187A43AD8F5AF0AC72 /* MainInteractor.swift */ = {isa = PBXFileReference; includeInIndex = 1; lastKnownFileType = sourcecode.swift; path = MainInteractor.swift; sourceTree = "<group>"; };
		5A1ADAF7AD7E1EBEAC97790B /* AuthRouter.swift */ = {isa = PBXFileReference; includeInIndex = 1; lastKnownFileType = sourcecode.swift; path = AuthRouter.swift; sourceTree = "<group>"; };
		5A2E07EEC72087D2351C75E7 /* Pods-SongGuesser.release.xcconfig */ = {isa = PBXFileReference; includeInIndex = 1; lastKnownFileType = text.xcconfig; name = "Pods-SongGuesser.release.xcconfig"; path = "Pods/Target Support Files/Pods-SongGuesser/Pods-SongGuesser.release.xcconfig"; sourceTree = "<group>"; };
		7911A5BD82E91FC35371E4E6 /* MainPresenter.swift */ = {isa = PBXFileReference; includeInIndex = 1; lastKnownFileType = sourcecode.swift; path = MainPresenter.swift; sourceTree = "<group>"; };
		7CF0795B5ED772858519A255 /* Pods_SongGuesser.framework */ = {isa = PBXFileReference; explicitFileType = wrapper.framework; includeInIndex = 0; path = Pods_SongGuesser.framework; sourceTree = BUILT_PRODUCTS_DIR; };
		A66F01C43F070E4051FBBA1F /* FoundSongsConfigurator.swift */ = {isa = PBXFileReference; includeInIndex = 1; lastKnownFileType = sourcecode.swift; path = FoundSongsConfigurator.swift; sourceTree = "<group>"; };
		A9E7181ECD2EC4EE229A6582 /* MainViewController.swift */ = {isa = PBXFileReference; includeInIndex = 1; lastKnownFileType = sourcecode.swift; path = MainViewController.swift; sourceTree = "<group>"; };
		AE2D51F5B72FA53D24285A14 /* MainProtocols.swift */ = {isa = PBXFileReference; includeInIndex = 1; lastKnownFileType = sourcecode.swift; path = MainProtocols.swift; sourceTree = "<group>"; };
		B8BD44ADCF313D76B3EC4B22 /* FoundSongsProtocols.swift */ = {isa = PBXFileReference; includeInIndex = 1; lastKnownFileType = sourcecode.swift; path = FoundSongsProtocols.swift; sourceTree = "<group>"; };
		BC5842B3ED73DE1808E6A687 /* FoundSongsPresenter.swift */ = {isa = PBXFileReference; includeInIndex = 1; lastKnownFileType = sourcecode.swift; path = FoundSongsPresenter.swift; sourceTree = "<group>"; };
		D039645C279793EAD29217F3 /* AuthProtocols.swift */ = {isa = PBXFileReference; includeInIndex = 1; lastKnownFileType = sourcecode.swift; path = AuthProtocols.swift; sourceTree = "<group>"; };
		D37A1D5AFED19452FB519821 /* MainRouter.swift */ = {isa = PBXFileReference; includeInIndex = 1; lastKnownFileType = sourcecode.swift; path = MainRouter.swift; sourceTree = "<group>"; };
		E041804643EC76E06B1D6E28 /* AuthViewController.swift */ = {isa = PBXFileReference; includeInIndex = 1; lastKnownFileType = sourcecode.swift; path = AuthViewController.swift; sourceTree = "<group>"; };
		E55AD0B3310E200B8F688F4D /* AuthConfigurator.swift */ = {isa = PBXFileReference; includeInIndex = 1; lastKnownFileType = sourcecode.swift; path = AuthConfigurator.swift; sourceTree = "<group>"; };
		F31C73429CC89AF633C04E03 /* MainConfigurator.swift */ = {isa = PBXFileReference; includeInIndex = 1; lastKnownFileType = sourcecode.swift; path = MainConfigurator.swift; sourceTree = "<group>"; };
/* End PBXFileReference section */

/* Begin PBXFrameworksBuildPhase section */
		142FB6E222EDE9840017693B /* Frameworks */ = {
			isa = PBXFrameworksBuildPhase;
			buildActionMask = 2147483647;
			files = (
				FF7A7C1F42379EFEDEEAB86A /* Pods_SongGuesser.framework in Frameworks */,
			);
			runOnlyForDeploymentPostprocessing = 0;
		};
		142FB6F622EDE9850017693B /* Frameworks */ = {
			isa = PBXFrameworksBuildPhase;
			buildActionMask = 2147483647;
			files = (
			);
			runOnlyForDeploymentPostprocessing = 0;
		};
		142FB70122EDE9850017693B /* Frameworks */ = {
			isa = PBXFrameworksBuildPhase;
			buildActionMask = 2147483647;
			files = (
			);
			runOnlyForDeploymentPostprocessing = 0;
		};
/* End PBXFrameworksBuildPhase section */

/* Begin PBXGroup section */
		14044C6722F1F5160078283B /* Entities */ = {
			isa = PBXGroup;
			children = (
				14044C6822F1F5280078283B /* Song.swift */,
			);
			path = Entities;
			sourceTree = "<group>";
		};
		14044C6C22F23B270078283B /* Enums */ = {
			isa = PBXGroup;
			children = (
				14044C6D22F23B610078283B /* URLType.swift */,
			);
			path = Enums;
			sourceTree = "<group>";
		};
		14044C6F22F346FA0078283B /* Cell Protocols */ = {
			isa = PBXGroup;
			children = (
				14044C7022F3474C0078283B /* CellIdentifiable.swift */,
				14044C7222F347670078283B /* ModelRepresentable.swift */,
				14044C7422F3478E0078283B /* SectionRowsRepresentable.swift */,
			);
			path = "Cell Protocols";
			sourceTree = "<group>";
		};
		14044C7622F348280078283B /* Song Cells */ = {
			isa = PBXGroup;
			children = (
				14044C8522F35B830078283B /* SectionModels */,
				14044C7A22F348B80078283B /* Cell Models */,
				14044C7922F348A50078283B /* Cells */,
			);
			path = "Song Cells";
			sourceTree = "<group>";
		};
		14044C7922F348A50078283B /* Cells */ = {
			isa = PBXGroup;
			children = (
				14044C7722F348540078283B /* SongBaseCell.swift */,
				14044C8122F34CAC0078283B /* SongInfoCell.swift */,
				14044C8322F34EE10078283B /* LyricsButtonCell.swift */,
			);
			path = Cells;
			sourceTree = "<group>";
		};
		14044C7A22F348B80078283B /* Cell Models */ = {
			isa = PBXGroup;
			children = (
				14044C7B22F348EE0078283B /* SongBaseCellModel.swift */,
				14044C7D22F3493F0078283B /* SongInfoCellModel.swift */,
				14044C7F22F34A340078283B /* LyricsButtonCellModel.swift */,
			);
			path = "Cell Models";
			sourceTree = "<group>";
		};
		14044C8522F35B830078283B /* SectionModels */ = {
			isa = PBXGroup;
			children = (
				14044C8622F35BB20078283B /* SongSectionModel.swift */,
			);
			path = SectionModels;
			sourceTree = "<group>";
		};
		14044C8822F389F40078283B /* subViews */ = {
			isa = PBXGroup;
			children = (
				14044C8922F389FF0078283B /* LyricsView */,
				1462AB6922EE062300335E79 /* LogInView */,
			);
			path = subViews;
			sourceTree = "<group>";
		};
		14044C8922F389FF0078283B /* LyricsView */ = {
			isa = PBXGroup;
			children = (
				14044C8A22F38A2F0078283B /* LyricsView.xib */,
				14044C8C22F38E220078283B /* LyricsView.swift */,
			);
			path = LyricsView;
			sourceTree = "<group>";
		};
		142FB6DC22EDE9840017693B = {
			isa = PBXGroup;
			children = (
				14044C8822F389F40078283B /* subViews */,
				14044C7622F348280078283B /* Song Cells */,
				14044C6F22F346FA0078283B /* Cell Protocols */,
				14044C6C22F23B270078283B /* Enums */,
				14044C6722F1F5160078283B /* Entities */,
				1462AB6E22EE08E900335E79 /* Services */,
				142FB6E722EDE9840017693B /* SongGuesser */,
				142FB6FC22EDE9850017693B /* SongGuesserTests */,
				142FB70722EDE9850017693B /* SongGuesserUITests */,
				142FB6E622EDE9840017693B /* Products */,
				710804F352185FA348A1BEBC /* Pods */,
				D0FAD9937B3E55A766DEA884 /* Frameworks */,
				3F57FB879C7CB981C1DD7DA4 /* Modules */,
			);
			sourceTree = "<group>";
		};
		142FB6E622EDE9840017693B /* Products */ = {
			isa = PBXGroup;
			children = (
				142FB6E522EDE9840017693B /* SongGuesser.app */,
				142FB6F922EDE9850017693B /* SongGuesserTests.xctest */,
				142FB70422EDE9850017693B /* SongGuesserUITests.xctest */,
			);
			name = Products;
			sourceTree = "<group>";
		};
		142FB6E722EDE9840017693B /* SongGuesser */ = {
			isa = PBXGroup;
			children = (
				142FB6E822EDE9840017693B /* AppDelegate.swift */,
				142FB6EC22EDE9840017693B /* Main.storyboard */,
				142FB6EF22EDE9850017693B /* Assets.xcassets */,
				142FB6F122EDE9850017693B /* LaunchScreen.storyboard */,
				142FB6F422EDE9850017693B /* Info.plist */,
				142FB71622EDFC820017693B /* GoogleService-Info.plist */,
			);
			path = SongGuesser;
			sourceTree = "<group>";
		};
		142FB6FC22EDE9850017693B /* SongGuesserTests */ = {
			isa = PBXGroup;
			children = (
				142FB6FD22EDE9850017693B /* SongGuesserTests.swift */,
				142FB6FF22EDE9850017693B /* Info.plist */,
			);
			path = SongGuesserTests;
			sourceTree = "<group>";
		};
		142FB70722EDE9850017693B /* SongGuesserUITests */ = {
			isa = PBXGroup;
			children = (
				142FB70822EDE9850017693B /* SongGuesserUITests.swift */,
				142FB70A22EDE9850017693B /* Info.plist */,
			);
			path = SongGuesserUITests;
			sourceTree = "<group>";
		};
		1462AB6922EE062300335E79 /* LogInView */ = {
			isa = PBXGroup;
			children = (
				1462AB6A22EE064B00335E79 /* LogInView.swift */,
				1462AB6C22EE077400335E79 /* LogInView.xib */,
			);
			path = LogInView;
			sourceTree = "<group>";
		};
		1462AB6E22EE08E900335E79 /* Services */ = {
			isa = PBXGroup;
			children = (
				1462AB6F22EE090200335E79 /* AlertPresenterService.swift */,
				1462AB7122EE0EAE00335E79 /* EmailValidatorService.swift */,
				1462AB7322EE3FC800335E79 /* FirebaseAuthService.swift */,
				14044C6A22F1F72C0078283B /* AudDService.swift */,
			);
			path = Services;
			sourceTree = "<group>";
		};
		3F57FB879C7CB981C1DD7DA4 /* Modules */ = {
			isa = PBXGroup;
			children = (
				7B88A664AF5DBF9F43B3E434 /* Auth */,
				B2253AAF79C15C7DA929E51E /* Main */,
				4FAEA59AE7218FFC5C782E66 /* FoundSongs */,
			);
			path = Modules;
			sourceTree = "<group>";
		};
		4FAEA59AE7218FFC5C782E66 /* FoundSongs */ = {
			isa = PBXGroup;
			children = (
				4B6733A971BE77AFF1A42B8D /* FoundSongsViewController.swift */,
				BC5842B3ED73DE1808E6A687 /* FoundSongsPresenter.swift */,
				3C26C1130F4A614566818244 /* FoundSongsInteractor.swift */,
				A66F01C43F070E4051FBBA1F /* FoundSongsConfigurator.swift */,
				1C96B0A2AD166AC42889CE37 /* FoundSongsRouter.swift */,
				B8BD44ADCF313D76B3EC4B22 /* FoundSongsProtocols.swift */,
			);
			path = FoundSongs;
			sourceTree = "<group>";
		};
		710804F352185FA348A1BEBC /* Pods */ = {
			isa = PBXGroup;
			children = (
				32949B656B04B008E1B484BF /* Pods-SongGuesser.debug.xcconfig */,
				5A2E07EEC72087D2351C75E7 /* Pods-SongGuesser.release.xcconfig */,
			);
			name = Pods;
			sourceTree = "<group>";
		};
		7B88A664AF5DBF9F43B3E434 /* Auth */ = {
			isa = PBXGroup;
			children = (
				E041804643EC76E06B1D6E28 /* AuthViewController.swift */,
				34F7F7AF05290A202C846455 /* AuthPresenter.swift */,
				3E66FD266D31BC63CAD381D8 /* AuthInteractor.swift */,
				E55AD0B3310E200B8F688F4D /* AuthConfigurator.swift */,
				5A1ADAF7AD7E1EBEAC97790B /* AuthRouter.swift */,
				D039645C279793EAD29217F3 /* AuthProtocols.swift */,
			);
			path = Auth;
			sourceTree = "<group>";
		};
		B2253AAF79C15C7DA929E51E /* Main */ = {
			isa = PBXGroup;
			children = (
				A9E7181ECD2EC4EE229A6582 /* MainViewController.swift */,
				7911A5BD82E91FC35371E4E6 /* MainPresenter.swift */,
				5440DB187A43AD8F5AF0AC72 /* MainInteractor.swift */,
				F31C73429CC89AF633C04E03 /* MainConfigurator.swift */,
				D37A1D5AFED19452FB519821 /* MainRouter.swift */,
				AE2D51F5B72FA53D24285A14 /* MainProtocols.swift */,
			);
			path = Main;
			sourceTree = "<group>";
		};
		D0FAD9937B3E55A766DEA884 /* Frameworks */ = {
			isa = PBXGroup;
			children = (
				7CF0795B5ED772858519A255 /* Pods_SongGuesser.framework */,
			);
			name = Frameworks;
			sourceTree = "<group>";
		};
/* End PBXGroup section */

/* Begin PBXNativeTarget section */
		142FB6E422EDE9840017693B /* SongGuesser */ = {
			isa = PBXNativeTarget;
			buildConfigurationList = 142FB70D22EDE9860017693B /* Build configuration list for PBXNativeTarget "SongGuesser" */;
			buildPhases = (
				9FB469361F3F9662F4BB54CD /* [CP] Check Pods Manifest.lock */,
				142FB6E122EDE9840017693B /* Sources */,
				142FB6E222EDE9840017693B /* Frameworks */,
				142FB6E322EDE9840017693B /* Resources */,
				3E7E57BACDEA76A33A63B6A5 /* [CP] Embed Pods Frameworks */,
			);
			buildRules = (
			);
			dependencies = (
			);
			name = SongGuesser;
			productName = SongGuesser;
			productReference = 142FB6E522EDE9840017693B /* SongGuesser.app */;
			productType = "com.apple.product-type.application";
		};
		142FB6F822EDE9850017693B /* SongGuesserTests */ = {
			isa = PBXNativeTarget;
			buildConfigurationList = 142FB71022EDE9860017693B /* Build configuration list for PBXNativeTarget "SongGuesserTests" */;
			buildPhases = (
				142FB6F522EDE9850017693B /* Sources */,
				142FB6F622EDE9850017693B /* Frameworks */,
				142FB6F722EDE9850017693B /* Resources */,
			);
			buildRules = (
			);
			dependencies = (
				142FB6FB22EDE9850017693B /* PBXTargetDependency */,
			);
			name = SongGuesserTests;
			productName = SongGuesserTests;
			productReference = 142FB6F922EDE9850017693B /* SongGuesserTests.xctest */;
			productType = "com.apple.product-type.bundle.unit-test";
		};
		142FB70322EDE9850017693B /* SongGuesserUITests */ = {
			isa = PBXNativeTarget;
			buildConfigurationList = 142FB71322EDE9860017693B /* Build configuration list for PBXNativeTarget "SongGuesserUITests" */;
			buildPhases = (
				142FB70022EDE9850017693B /* Sources */,
				142FB70122EDE9850017693B /* Frameworks */,
				142FB70222EDE9850017693B /* Resources */,
			);
			buildRules = (
			);
			dependencies = (
				142FB70622EDE9850017693B /* PBXTargetDependency */,
			);
			name = SongGuesserUITests;
			productName = SongGuesserUITests;
			productReference = 142FB70422EDE9850017693B /* SongGuesserUITests.xctest */;
			productType = "com.apple.product-type.bundle.ui-testing";
		};
/* End PBXNativeTarget section */

/* Begin PBXProject section */
		142FB6DD22EDE9840017693B /* Project object */ = {
			isa = PBXProject;
			attributes = {
				LastSwiftUpdateCheck = 1030;
				LastUpgradeCheck = 1030;
				ORGANIZATIONNAME = "Денис Жукоборский";
				TargetAttributes = {
					142FB6E422EDE9840017693B = {
						CreatedOnToolsVersion = 10.3;
					};
					142FB6F822EDE9850017693B = {
						CreatedOnToolsVersion = 10.3;
						TestTargetID = 142FB6E422EDE9840017693B;
					};
					142FB70322EDE9850017693B = {
						CreatedOnToolsVersion = 10.3;
						TestTargetID = 142FB6E422EDE9840017693B;
					};
				};
			};
			buildConfigurationList = 142FB6E022EDE9840017693B /* Build configuration list for PBXProject "SongGuesser" */;
			compatibilityVersion = "Xcode 9.3";
			developmentRegion = en;
			hasScannedForEncodings = 0;
			knownRegions = (
				en,
				Base,
			);
			mainGroup = 142FB6DC22EDE9840017693B;
			productRefGroup = 142FB6E622EDE9840017693B /* Products */;
			projectDirPath = "";
			projectRoot = "";
			targets = (
				142FB6E422EDE9840017693B /* SongGuesser */,
				142FB6F822EDE9850017693B /* SongGuesserTests */,
				142FB70322EDE9850017693B /* SongGuesserUITests */,
			);
		};
/* End PBXProject section */

/* Begin PBXResourcesBuildPhase section */
		142FB6E322EDE9840017693B /* Resources */ = {
			isa = PBXResourcesBuildPhase;
			buildActionMask = 2147483647;
			files = (
				142FB6F322EDE9850017693B /* LaunchScreen.storyboard in Resources */,
				142FB71722EDFC820017693B /* GoogleService-Info.plist in Resources */,
				14044C8B22F38A2F0078283B /* LyricsView.xib in Resources */,
				142FB6F022EDE9850017693B /* Assets.xcassets in Resources */,
				142FB6EE22EDE9840017693B /* Main.storyboard in Resources */,
				1462AB6D22EE077400335E79 /* LogInView.xib in Resources */,
			);
			runOnlyForDeploymentPostprocessing = 0;
		};
		142FB6F722EDE9850017693B /* Resources */ = {
			isa = PBXResourcesBuildPhase;
			buildActionMask = 2147483647;
			files = (
			);
			runOnlyForDeploymentPostprocessing = 0;
		};
		142FB70222EDE9850017693B /* Resources */ = {
			isa = PBXResourcesBuildPhase;
			buildActionMask = 2147483647;
			files = (
			);
			runOnlyForDeploymentPostprocessing = 0;
		};
/* End PBXResourcesBuildPhase section */

/* Begin PBXShellScriptBuildPhase section */
		3E7E57BACDEA76A33A63B6A5 /* [CP] Embed Pods Frameworks */ = {
			isa = PBXShellScriptBuildPhase;
			buildActionMask = 2147483647;
			files = (
			);
			inputPaths = (
				"${SRCROOT}/Pods/Target Support Files/Pods-SongGuesser/Pods-SongGuesser-frameworks.sh",
				"${BUILT_PRODUCTS_DIR}/Alamofire/Alamofire.framework",
				"${BUILT_PRODUCTS_DIR}/GTMSessionFetcher/GTMSessionFetcher.framework",
				"${BUILT_PRODUCTS_DIR}/GoogleUtilities/GoogleUtilities.framework",
				"${BUILT_PRODUCTS_DIR}/PromiseKit/PromiseKit.framework",
				"${BUILT_PRODUCTS_DIR}/SwiftyJSON/SwiftyJSON.framework",
				"${BUILT_PRODUCTS_DIR}/leveldb-library/leveldb.framework",
				"${BUILT_PRODUCTS_DIR}/nanopb/nanopb.framework",
			);
			name = "[CP] Embed Pods Frameworks";
			outputPaths = (
				"${TARGET_BUILD_DIR}/${FRAMEWORKS_FOLDER_PATH}/Alamofire.framework",
				"${TARGET_BUILD_DIR}/${FRAMEWORKS_FOLDER_PATH}/GTMSessionFetcher.framework",
				"${TARGET_BUILD_DIR}/${FRAMEWORKS_FOLDER_PATH}/GoogleUtilities.framework",
				"${TARGET_BUILD_DIR}/${FRAMEWORKS_FOLDER_PATH}/PromiseKit.framework",
				"${TARGET_BUILD_DIR}/${FRAMEWORKS_FOLDER_PATH}/SwiftyJSON.framework",
				"${TARGET_BUILD_DIR}/${FRAMEWORKS_FOLDER_PATH}/leveldb.framework",
				"${TARGET_BUILD_DIR}/${FRAMEWORKS_FOLDER_PATH}/nanopb.framework",
			);
			runOnlyForDeploymentPostprocessing = 0;
			shellPath = /bin/sh;
			shellScript = "\"${SRCROOT}/Pods/Target Support Files/Pods-SongGuesser/Pods-SongGuesser-frameworks.sh\"\n";
			showEnvVarsInLog = 0;
		};
		9FB469361F3F9662F4BB54CD /* [CP] Check Pods Manifest.lock */ = {
			isa = PBXShellScriptBuildPhase;
			buildActionMask = 2147483647;
			files = (
			);
			inputPaths = (
				"${PODS_PODFILE_DIR_PATH}/Podfile.lock",
				"${PODS_ROOT}/Manifest.lock",
			);
			name = "[CP] Check Pods Manifest.lock";
			outputPaths = (
				"$(DERIVED_FILE_DIR)/Pods-SongGuesser-checkManifestLockResult.txt",
			);
			runOnlyForDeploymentPostprocessing = 0;
			shellPath = /bin/sh;
			shellScript = "diff \"${PODS_PODFILE_DIR_PATH}/Podfile.lock\" \"${PODS_ROOT}/Manifest.lock\" > /dev/null\nif [ $? != 0 ] ; then\n    # print error to STDERR\n    echo \"error: The sandbox is not in sync with the Podfile.lock. Run 'pod install' or update your CocoaPods installation.\" >&2\n    exit 1\nfi\n# This output is used by Xcode 'outputs' to avoid re-running this script phase.\necho \"SUCCESS\" > \"${SCRIPT_OUTPUT_FILE_0}\"\n";
			showEnvVarsInLog = 0;
		};
/* End PBXShellScriptBuildPhase section */

/* Begin PBXSourcesBuildPhase section */
		142FB6E122EDE9840017693B /* Sources */ = {
			isa = PBXSourcesBuildPhase;
			buildActionMask = 2147483647;
			files = (
				14044C6B22F1F72C0078283B /* AudDService.swift in Sources */,
				14044C8D22F38E220078283B /* LyricsView.swift in Sources */,
				14044C7122F3474C0078283B /* CellIdentifiable.swift in Sources */,
				14044C8422F34EE10078283B /* LyricsButtonCell.swift in Sources */,
				14044C6922F1F5280078283B /* Song.swift in Sources */,
				14044C7522F3478E0078283B /* SectionRowsRepresentable.swift in Sources */,
				142FB6E922EDE9840017693B /* AppDelegate.swift in Sources */,
				7BB661C079FB06BEF0F430EE /* AuthViewController.swift in Sources */,
				025AB4454B7E9845768DD5B7 /* AuthPresenter.swift in Sources */,
				14044C8022F34A340078283B /* LyricsButtonCellModel.swift in Sources */,
				14044C6E22F23B610078283B /* URLType.swift in Sources */,
				1462AB7022EE090200335E79 /* AlertPresenterService.swift in Sources */,
				14044C8222F34CAC0078283B /* SongInfoCell.swift in Sources */,
				1462AB7422EE3FC800335E79 /* FirebaseAuthService.swift in Sources */,
				7020981B76B60C55E5E3E7C2 /* AuthInteractor.swift in Sources */,
				1462AB6B22EE064B00335E79 /* LogInView.swift in Sources */,
				FCD4330A01859A0BC2B96F8F /* AuthConfigurator.swift in Sources */,
				14044C7822F348540078283B /* SongBaseCell.swift in Sources */,
				1462AB7222EE0EAE00335E79 /* EmailValidatorService.swift in Sources */,
				1B4097E31CD4995F0A669CB1 /* AuthRouter.swift in Sources */,
				14044C7E22F3493F0078283B /* SongInfoCellModel.swift in Sources */,
				AE8842415F5DED3D3D3DB586 /* AuthProtocols.swift in Sources */,
				CD7AAA90725FC82C62C4A6ED /* MainViewController.swift in Sources */,
				14044C8722F35BB20078283B /* SongSectionModel.swift in Sources */,
				0F1F0ABAE45884BF0EFD2C10 /* MainPresenter.swift in Sources */,
				3D26FE485FED801D662BFCFB /* MainInteractor.swift in Sources */,
				BCE2963E4B246DA73F32B875 /* MainConfigurator.swift in Sources */,
				EF33C32F8D70C59169685C72 /* MainRouter.swift in Sources */,
				BF1781B37994385DD85E5E42 /* MainProtocols.swift in Sources */,
				F50B32BF0A70AC79ADC546DD /* FoundSongsViewController.swift in Sources */,
				0BAD8203664303E8BFD8827A /* FoundSongsPresenter.swift in Sources */,
				7E6CCDDDF05D208B0F907D29 /* FoundSongsInteractor.swift in Sources */,
				14044C7C22F348EE0078283B /* SongBaseCellModel.swift in Sources */,
				14044C7322F347670078283B /* ModelRepresentable.swift in Sources */,
				5C64D33E3DFCF33917631E67 /* FoundSongsConfigurator.swift in Sources */,
				18E26275EA136838FA344B49 /* FoundSongsRouter.swift in Sources */,
				A7FB672160B02EA78D161476 /* FoundSongsProtocols.swift in Sources */,
			);
			runOnlyForDeploymentPostprocessing = 0;
		};
		142FB6F522EDE9850017693B /* Sources */ = {
			isa = PBXSourcesBuildPhase;
			buildActionMask = 2147483647;
			files = (
				142FB6FE22EDE9850017693B /* SongGuesserTests.swift in Sources */,
			);
			runOnlyForDeploymentPostprocessing = 0;
		};
		142FB70022EDE9850017693B /* Sources */ = {
			isa = PBXSourcesBuildPhase;
			buildActionMask = 2147483647;
			files = (
				142FB70922EDE9850017693B /* SongGuesserUITests.swift in Sources */,
			);
			runOnlyForDeploymentPostprocessing = 0;
		};
/* End PBXSourcesBuildPhase section */

/* Begin PBXTargetDependency section */
		142FB6FB22EDE9850017693B /* PBXTargetDependency */ = {
			isa = PBXTargetDependency;
			target = 142FB6E422EDE9840017693B /* SongGuesser */;
			targetProxy = 142FB6FA22EDE9850017693B /* PBXContainerItemProxy */;
		};
		142FB70622EDE9850017693B /* PBXTargetDependency */ = {
			isa = PBXTargetDependency;
			target = 142FB6E422EDE9840017693B /* SongGuesser */;
			targetProxy = 142FB70522EDE9850017693B /* PBXContainerItemProxy */;
		};
/* End PBXTargetDependency section */

/* Begin PBXVariantGroup section */
		142FB6EC22EDE9840017693B /* Main.storyboard */ = {
			isa = PBXVariantGroup;
			children = (
				142FB6ED22EDE9840017693B /* Base */,
			);
			name = Main.storyboard;
			sourceTree = "<group>";
		};
		142FB6F122EDE9850017693B /* LaunchScreen.storyboard */ = {
			isa = PBXVariantGroup;
			children = (
				142FB6F222EDE9850017693B /* Base */,
			);
			name = LaunchScreen.storyboard;
			sourceTree = "<group>";
		};
/* End PBXVariantGroup section */

/* Begin XCBuildConfiguration section */
		142FB70B22EDE9850017693B /* Debug */ = {
			isa = XCBuildConfiguration;
			buildSettings = {
				ALWAYS_SEARCH_USER_PATHS = NO;
				CLANG_ANALYZER_NONNULL = YES;
				CLANG_ANALYZER_NUMBER_OBJECT_CONVERSION = YES_AGGRESSIVE;
				CLANG_CXX_LANGUAGE_STANDARD = "gnu++14";
				CLANG_CXX_LIBRARY = "libc++";
				CLANG_ENABLE_MODULES = YES;
				CLANG_ENABLE_OBJC_ARC = YES;
				CLANG_ENABLE_OBJC_WEAK = YES;
				CLANG_WARN_BLOCK_CAPTURE_AUTORELEASING = YES;
				CLANG_WARN_BOOL_CONVERSION = YES;
				CLANG_WARN_COMMA = YES;
				CLANG_WARN_CONSTANT_CONVERSION = YES;
				CLANG_WARN_DEPRECATED_OBJC_IMPLEMENTATIONS = YES;
				CLANG_WARN_DIRECT_OBJC_ISA_USAGE = YES_ERROR;
				CLANG_WARN_DOCUMENTATION_COMMENTS = YES;
				CLANG_WARN_EMPTY_BODY = YES;
				CLANG_WARN_ENUM_CONVERSION = YES;
				CLANG_WARN_INFINITE_RECURSION = YES;
				CLANG_WARN_INT_CONVERSION = YES;
				CLANG_WARN_NON_LITERAL_NULL_CONVERSION = YES;
				CLANG_WARN_OBJC_IMPLICIT_RETAIN_SELF = YES;
				CLANG_WARN_OBJC_LITERAL_CONVERSION = YES;
				CLANG_WARN_OBJC_ROOT_CLASS = YES_ERROR;
				CLANG_WARN_RANGE_LOOP_ANALYSIS = YES;
				CLANG_WARN_STRICT_PROTOTYPES = YES;
				CLANG_WARN_SUSPICIOUS_MOVE = YES;
				CLANG_WARN_UNGUARDED_AVAILABILITY = YES_AGGRESSIVE;
				CLANG_WARN_UNREACHABLE_CODE = YES;
				CLANG_WARN__DUPLICATE_METHOD_MATCH = YES;
				CODE_SIGN_IDENTITY = "iPhone Developer";
				COPY_PHASE_STRIP = NO;
				DEBUG_INFORMATION_FORMAT = dwarf;
				ENABLE_STRICT_OBJC_MSGSEND = YES;
				ENABLE_TESTABILITY = YES;
				GCC_C_LANGUAGE_STANDARD = gnu11;
				GCC_DYNAMIC_NO_PIC = NO;
				GCC_NO_COMMON_BLOCKS = YES;
				GCC_OPTIMIZATION_LEVEL = 0;
				GCC_PREPROCESSOR_DEFINITIONS = (
					"DEBUG=1",
					"$(inherited)",
				);
				GCC_WARN_64_TO_32_BIT_CONVERSION = YES;
				GCC_WARN_ABOUT_RETURN_TYPE = YES_ERROR;
				GCC_WARN_UNDECLARED_SELECTOR = YES;
				GCC_WARN_UNINITIALIZED_AUTOS = YES_AGGRESSIVE;
				GCC_WARN_UNUSED_FUNCTION = YES;
				GCC_WARN_UNUSED_VARIABLE = YES;
				IPHONEOS_DEPLOYMENT_TARGET = 12.4;
				MTL_ENABLE_DEBUG_INFO = INCLUDE_SOURCE;
				MTL_FAST_MATH = YES;
				ONLY_ACTIVE_ARCH = YES;
				SDKROOT = iphoneos;
				SWIFT_ACTIVE_COMPILATION_CONDITIONS = DEBUG;
				SWIFT_OPTIMIZATION_LEVEL = "-Onone";
			};
			name = Debug;
		};
		142FB70C22EDE9850017693B /* Release */ = {
			isa = XCBuildConfiguration;
			buildSettings = {
				ALWAYS_SEARCH_USER_PATHS = NO;
				CLANG_ANALYZER_NONNULL = YES;
				CLANG_ANALYZER_NUMBER_OBJECT_CONVERSION = YES_AGGRESSIVE;
				CLANG_CXX_LANGUAGE_STANDARD = "gnu++14";
				CLANG_CXX_LIBRARY = "libc++";
				CLANG_ENABLE_MODULES = YES;
				CLANG_ENABLE_OBJC_ARC = YES;
				CLANG_ENABLE_OBJC_WEAK = YES;
				CLANG_WARN_BLOCK_CAPTURE_AUTORELEASING = YES;
				CLANG_WARN_BOOL_CONVERSION = YES;
				CLANG_WARN_COMMA = YES;
				CLANG_WARN_CONSTANT_CONVERSION = YES;
				CLANG_WARN_DEPRECATED_OBJC_IMPLEMENTATIONS = YES;
				CLANG_WARN_DIRECT_OBJC_ISA_USAGE = YES_ERROR;
				CLANG_WARN_DOCUMENTATION_COMMENTS = YES;
				CLANG_WARN_EMPTY_BODY = YES;
				CLANG_WARN_ENUM_CONVERSION = YES;
				CLANG_WARN_INFINITE_RECURSION = YES;
				CLANG_WARN_INT_CONVERSION = YES;
				CLANG_WARN_NON_LITERAL_NULL_CONVERSION = YES;
				CLANG_WARN_OBJC_IMPLICIT_RETAIN_SELF = YES;
				CLANG_WARN_OBJC_LITERAL_CONVERSION = YES;
				CLANG_WARN_OBJC_ROOT_CLASS = YES_ERROR;
				CLANG_WARN_RANGE_LOOP_ANALYSIS = YES;
				CLANG_WARN_STRICT_PROTOTYPES = YES;
				CLANG_WARN_SUSPICIOUS_MOVE = YES;
				CLANG_WARN_UNGUARDED_AVAILABILITY = YES_AGGRESSIVE;
				CLANG_WARN_UNREACHABLE_CODE = YES;
				CLANG_WARN__DUPLICATE_METHOD_MATCH = YES;
				CODE_SIGN_IDENTITY = "iPhone Developer";
				COPY_PHASE_STRIP = NO;
				DEBUG_INFORMATION_FORMAT = "dwarf-with-dsym";
				ENABLE_NS_ASSERTIONS = NO;
				ENABLE_STRICT_OBJC_MSGSEND = YES;
				GCC_C_LANGUAGE_STANDARD = gnu11;
				GCC_NO_COMMON_BLOCKS = YES;
				GCC_WARN_64_TO_32_BIT_CONVERSION = YES;
				GCC_WARN_ABOUT_RETURN_TYPE = YES_ERROR;
				GCC_WARN_UNDECLARED_SELECTOR = YES;
				GCC_WARN_UNINITIALIZED_AUTOS = YES_AGGRESSIVE;
				GCC_WARN_UNUSED_FUNCTION = YES;
				GCC_WARN_UNUSED_VARIABLE = YES;
				IPHONEOS_DEPLOYMENT_TARGET = 12.4;
				MTL_ENABLE_DEBUG_INFO = NO;
				MTL_FAST_MATH = YES;
				SDKROOT = iphoneos;
				SWIFT_COMPILATION_MODE = wholemodule;
				SWIFT_OPTIMIZATION_LEVEL = "-O";
				VALIDATE_PRODUCT = YES;
			};
			name = Release;
		};
		142FB70E22EDE9860017693B /* Debug */ = {
			isa = XCBuildConfiguration;
			baseConfigurationReference = 32949B656B04B008E1B484BF /* Pods-SongGuesser.debug.xcconfig */;
			buildSettings = {
				ASSETCATALOG_COMPILER_APPICON_NAME = AppIcon;
				CODE_SIGN_STYLE = Automatic;
				DEVELOPMENT_TEAM = R32RNVFC97;
				INFOPLIST_FILE = SongGuesser/Info.plist;
				LD_RUNPATH_SEARCH_PATHS = (
					"$(inherited)",
					"@executable_path/Frameworks",
				);
				PRODUCT_BUNDLE_IDENTIFIER = denis.zhukoborsky.SongGuesser;
				PRODUCT_NAME = "$(TARGET_NAME)";
				SWIFT_VERSION = 5.0;
				TARGETED_DEVICE_FAMILY = "1,2";
			};
			name = Debug;
		};
		142FB70F22EDE9860017693B /* Release */ = {
			isa = XCBuildConfiguration;
			baseConfigurationReference = 5A2E07EEC72087D2351C75E7 /* Pods-SongGuesser.release.xcconfig */;
			buildSettings = {
				ASSETCATALOG_COMPILER_APPICON_NAME = AppIcon;
				CODE_SIGN_STYLE = Automatic;
				DEVELOPMENT_TEAM = R32RNVFC97;
				INFOPLIST_FILE = SongGuesser/Info.plist;
				LD_RUNPATH_SEARCH_PATHS = (
					"$(inherited)",
					"@executable_path/Frameworks",
				);
				PRODUCT_BUNDLE_IDENTIFIER = denis.zhukoborsky.SongGuesser;
				PRODUCT_NAME = "$(TARGET_NAME)";
				SWIFT_VERSION = 5.0;
				TARGETED_DEVICE_FAMILY = "1,2";
			};
			name = Release;
		};
		142FB71122EDE9860017693B /* Debug */ = {
			isa = XCBuildConfiguration;
			buildSettings = {
				ALWAYS_EMBED_SWIFT_STANDARD_LIBRARIES = YES;
				BUNDLE_LOADER = "$(TEST_HOST)";
				CODE_SIGN_STYLE = Automatic;
				DEVELOPMENT_TEAM = R32RNVFC97;
				INFOPLIST_FILE = SongGuesserTests/Info.plist;
				LD_RUNPATH_SEARCH_PATHS = (
					"$(inherited)",
					"@executable_path/Frameworks",
					"@loader_path/Frameworks",
				);
				PRODUCT_BUNDLE_IDENTIFIER = denis.zhukoborsky.SongGuesserTests;
				PRODUCT_NAME = "$(TARGET_NAME)";
				SWIFT_VERSION = 5.0;
				TARGETED_DEVICE_FAMILY = "1,2";
				TEST_HOST = "$(BUILT_PRODUCTS_DIR)/SongGuesser.app/SongGuesser";
			};
			name = Debug;
		};
		142FB71222EDE9860017693B /* Release */ = {
			isa = XCBuildConfiguration;
			buildSettings = {
				ALWAYS_EMBED_SWIFT_STANDARD_LIBRARIES = YES;
				BUNDLE_LOADER = "$(TEST_HOST)";
				CODE_SIGN_STYLE = Automatic;
				DEVELOPMENT_TEAM = R32RNVFC97;
				INFOPLIST_FILE = SongGuesserTests/Info.plist;
				LD_RUNPATH_SEARCH_PATHS = (
					"$(inherited)",
					"@executable_path/Frameworks",
					"@loader_path/Frameworks",
				);
				PRODUCT_BUNDLE_IDENTIFIER = denis.zhukoborsky.SongGuesserTests;
				PRODUCT_NAME = "$(TARGET_NAME)";
				SWIFT_VERSION = 5.0;
				TARGETED_DEVICE_FAMILY = "1,2";
				TEST_HOST = "$(BUILT_PRODUCTS_DIR)/SongGuesser.app/SongGuesser";
			};
			name = Release;
		};
		142FB71422EDE9860017693B /* Debug */ = {
			isa = XCBuildConfiguration;
			buildSettings = {
				ALWAYS_EMBED_SWIFT_STANDARD_LIBRARIES = YES;
				CODE_SIGN_STYLE = Automatic;
				DEVELOPMENT_TEAM = R32RNVFC97;
				INFOPLIST_FILE = SongGuesserUITests/Info.plist;
				LD_RUNPATH_SEARCH_PATHS = (
					"$(inherited)",
					"@executable_path/Frameworks",
					"@loader_path/Frameworks",
				);
				PRODUCT_BUNDLE_IDENTIFIER = denis.zhukoborsky.SongGuesserUITests;
				PRODUCT_NAME = "$(TARGET_NAME)";
				SWIFT_VERSION = 5.0;
				TARGETED_DEVICE_FAMILY = "1,2";
				TEST_TARGET_NAME = SongGuesser;
			};
			name = Debug;
		};
		142FB71522EDE9860017693B /* Release */ = {
			isa = XCBuildConfiguration;
			buildSettings = {
				ALWAYS_EMBED_SWIFT_STANDARD_LIBRARIES = YES;
				CODE_SIGN_STYLE = Automatic;
				DEVELOPMENT_TEAM = R32RNVFC97;
				INFOPLIST_FILE = SongGuesserUITests/Info.plist;
				LD_RUNPATH_SEARCH_PATHS = (
					"$(inherited)",
					"@executable_path/Frameworks",
					"@loader_path/Frameworks",
				);
				PRODUCT_BUNDLE_IDENTIFIER = denis.zhukoborsky.SongGuesserUITests;
				PRODUCT_NAME = "$(TARGET_NAME)";
				SWIFT_VERSION = 5.0;
				TARGETED_DEVICE_FAMILY = "1,2";
				TEST_TARGET_NAME = SongGuesser;
			};
			name = Release;
		};
/* End XCBuildConfiguration section */

/* Begin XCConfigurationList section */
		142FB6E022EDE9840017693B /* Build configuration list for PBXProject "SongGuesser" */ = {
			isa = XCConfigurationList;
			buildConfigurations = (
				142FB70B22EDE9850017693B /* Debug */,
				142FB70C22EDE9850017693B /* Release */,
			);
			defaultConfigurationIsVisible = 0;
			defaultConfigurationName = Release;
		};
		142FB70D22EDE9860017693B /* Build configuration list for PBXNativeTarget "SongGuesser" */ = {
			isa = XCConfigurationList;
			buildConfigurations = (
				142FB70E22EDE9860017693B /* Debug */,
				142FB70F22EDE9860017693B /* Release */,
			);
			defaultConfigurationIsVisible = 0;
			defaultConfigurationName = Release;
		};
		142FB71022EDE9860017693B /* Build configuration list for PBXNativeTarget "SongGuesserTests" */ = {
			isa = XCConfigurationList;
			buildConfigurations = (
				142FB71122EDE9860017693B /* Debug */,
				142FB71222EDE9860017693B /* Release */,
			);
			defaultConfigurationIsVisible = 0;
			defaultConfigurationName = Release;
		};
		142FB71322EDE9860017693B /* Build configuration list for PBXNativeTarget "SongGuesserUITests" */ = {
			isa = XCConfigurationList;
			buildConfigurations = (
				142FB71422EDE9860017693B /* Debug */,
				142FB71522EDE9860017693B /* Release */,
			);
			defaultConfigurationIsVisible = 0;
			defaultConfigurationName = Release;
		};
/* End XCConfigurationList section */
	};
	rootObject = 142FB6DD22EDE9840017693B /* Project object */;
}
